# Pinned upstream Omarchy checkout used by build/fetch-upstream.sh.
# Bump deliberately: Quattro is alpha and moves fast.
# eb56446c is quattro tip (2026-09-05). The tree's version file is still
# 4.0.0.alpha. Tags v4.0.1 / v4.0.2 and the matching omarchy-pkgs cuts
# diverged from this branch, so OMARCHY_VERSION stays 4.0.2 (last release
# cut on main) until quattro itself cuts a newer release. The omarchy and
# omarchy-settings packages the image builder builds MUST match this ref.
OMARCHY_REPO=https://github.com/basecamp/omarchy
OMARCHY_BRANCH=quattro
OMARCHY_REF=eb56446c4286c2d01bed3ed25d937850fc3b4810
OMARCHY_VERSION=4.0.2
