# Pinned upstream Omarchy checkout used by build/fetch-upstream.sh.
# Bump deliberately: Quattro is alpha and moves fast.
# 9d02bb08 is quattro tip (2026-08-27). The tree's version file is still
# 4.0.0.alpha. omarchy-pkgs 4.0.1 / tag v4.0.1 is a diverged release-cut
# (13f18b2: 35 behind / 98 ahead of this tip), so OMARCHY_VERSION stays
# 4.0.0rc3 until quattro itself cuts a newer release. The omarchy and
# omarchy-settings packages the image builder builds MUST match this ref.
OMARCHY_REPO=https://github.com/basecamp/omarchy
OMARCHY_BRANCH=quattro
OMARCHY_REF=9d02bb08f896108ec83ad0984bdaafa753e9f1e8
OMARCHY_VERSION=4.0.0rc3
